
Microsoft Visual Studio Solution File, Format Version 12.00
# Visual Studio Version 17
VisualStudioVersion = 17.10.35027.167
MinimumVisualStudioVersion = 10.0.40219.1
Project("{FAE04EC0-301F-11D3-BF4B-00C04F79EFBC}") = "UVIndexTgBot", "UVIndexTgBot\UVIndexTgBot.csproj", "{37093AC4-CE69-40FD-A10E-AA1F1856D664}"
EndProject
Global
	GlobalSection(SolutionConfigurationPlatforms) = preSolution
		Debug|Any CPU = Debug|Any CPU
		Release|Any CPU = Release|Any CPU
	EndGlobalSection
	GlobalSection(ProjectConfigurationPlatforms) = postSolution
		{37093AC4-CE69-40FD-A10E-AA1F1856D664}.Debug|Any CPU.ActiveCfg = Debug|Any CPU
		{37093AC4-CE69-40FD-A10E-AA1F1856D664}.Debug|Any CPU.Build.0 = Debug|Any CPU
		{37093AC4-CE69-40FD-A10E-AA1F1856D664}.Release|Any CPU.ActiveCfg = Release|Any CPU
		{37093AC4-CE69-40FD-A10E-AA1F1856D664}.Release|Any CPU.Build.0 = Release|Any CPU
	EndGlobalSection
	GlobalSection(SolutionProperties) = preSolution
		HideSolutionNode = FALSE
	EndGlobalSection
	GlobalSection(ExtensibilityGlobals) = postSolution
		SolutionGuid = {D3C738F0-98E3-4EB1-8FB5-38C4B3D0D54D}
	EndGlobalSection
EndGlobal
